
Microsoft Visual Studio Solution File, Format Version 12.00
# Visual Studio 15
VisualStudioVersion = 15.0.27703.2018
MinimumVisualStudioVersion = 10.0.40219.1
Project("{FAE04EC0-301F-11D3-BF4B-00C04F79EFBC}") = "Threax.Sqlite.Ext", "Threax.Sqlite.Ext\Threax.Sqlite.Ext.csproj", "{1F17E56E-3917-4024-AB03-B0DD4C0E8687}"
EndProject
Global
	GlobalSection(SolutionConfigurationPlatforms) = preSolution
		Debug|Any CPU = Debug|Any CPU
		Release|Any CPU = Release|Any CPU
	EndGlobalSection
	GlobalSection(ProjectConfigurationPlatforms) = postSolution
		{1F17E56E-3917-4024-AB03-B0DD4C0E8687}.Debug|Any CPU.ActiveCfg = Debug|Any CPU
		{1F17E56E-3917-4024-AB03-B0DD4C0E8687}.Debug|Any CPU.Build.0 = Debug|Any CPU
		{1F17E56E-3917-4024-AB03-B0DD4C0E8687}.Release|Any CPU.ActiveCfg = Release|Any CPU
		{1F17E56E-3917-4024-AB03-B0DD4C0E8687}.Release|Any CPU.Build.0 = Release|Any CPU
	EndGlobalSection
	GlobalSection(SolutionProperties) = preSolution
		HideSolutionNode = FALSE
	EndGlobalSection
	GlobalSection(ExtensibilityGlobals) = postSolution
		SolutionGuid = {D3031573-C4DB-4DD2-97E3-7C8877C49B78}
	EndGlobalSection
EndGlobal
